
Microsoft Visual Studio Solution File, Format Version 12.00
# Visual Studio 14
VisualStudioVersion = 14.0.25420.1
MinimumVisualStudioVersion = 10.0.40219.1
Project("{FAE04EC0-301F-11D3-BF4B-00C04F79EFBC}") = "musicApp", "musicApp\musicApp.csproj", "{104964A6-BDA8-4ED2-91EE-1055EDB5DFD7}"
EndProject
Project("{FAE04EC0-301F-11D3-BF4B-00C04F79EFBC}") = "musicApp.Tests", "musicApp.Tests\musicApp.Tests.csproj", "{706448FF-2D01-4BFA-8A31-31E9A6377BDC}"
EndProject
Global
	GlobalSection(SolutionConfigurationPlatforms) = preSolution
		Debug|Any CPU = Debug|Any CPU
		Release|Any CPU = Release|Any CPU
	EndGlobalSection
	GlobalSection(ProjectConfigurationPlatforms) = postSolution
		{104964A6-BDA8-4ED2-91EE-1055EDB5DFD7}.Debug|Any CPU.ActiveCfg = Debug|Any CPU
		{104964A6-BDA8-4ED2-91EE-1055EDB5DFD7}.Debug|Any CPU.Build.0 = Debug|Any CPU
		{104964A6-BDA8-4ED2-91EE-1055EDB5DFD7}.Release|Any CPU.ActiveCfg = Release|Any CPU
		{104964A6-BDA8-4ED2-91EE-1055EDB5DFD7}.Release|Any CPU.Build.0 = Release|Any CPU
		{706448FF-2D01-4BFA-8A31-31E9A6377BDC}.Debug|Any CPU.ActiveCfg = Debug|Any CPU
		{706448FF-2D01-4BFA-8A31-31E9A6377BDC}.Debug|Any CPU.Build.0 = Debug|Any CPU
		{706448FF-2D01-4BFA-8A31-31E9A6377BDC}.Release|Any CPU.ActiveCfg = Release|Any CPU
		{706448FF-2D01-4BFA-8A31-31E9A6377BDC}.Release|Any CPU.Build.0 = Release|Any CPU
	EndGlobalSection
	GlobalSection(SolutionProperties) = preSolution
		HideSolutionNode = FALSE
	EndGlobalSection
EndGlobal
